
Microsoft Visual Studio Solution File, Format Version 12.00
# Visual Studio 15
VisualStudioVersion = 15.0.27428.1
MinimumVisualStudioVersion = 10.0.40219.1
Project("{8BC9CEB8-8B4A-11D0-8D11-00A0C91BC942}") = "Utilities", "Utilities.vcxproj", "{178314A2-6958-41FC-9D5E-AF73C18DCA27}"
	ProjectSection(ProjectDependencies) = postProject
		{34681F0D-CE45-415D-B5F2-5C662DFE3BD5} = {34681F0D-CE45-415D-B5F2-5C662DFE3BD5}
		{E4EF614B-30DF-4954-8C53-580A0BF6B589} = {E4EF614B-30DF-4954-8C53-580A0BF6B589}
	EndProjectSection
EndProject
Project("{8BC9CEB8-8B4A-11D0-8D11-00A0C91BC942}") = "gmock", "..\third-party\googletest\googlemock\msvc\2015\gmock.vcxproj", "{34681F0D-CE45-415D-B5F2-5C662DFE3BD5}"
EndProject
Project("{8BC9CEB8-8B4A-11D0-8D11-00A0C91BC942}") = "gmock_main", "..\third-party\googletest\googlemock\msvc\2015\gmock_main.vcxproj", "{E4EF614B-30DF-4954-8C53-580A0BF6B589}"
EndProject
Global
	GlobalSection(SolutionConfigurationPlatforms) = preSolution
		Debug|x64 = Debug|x64
		Debug|x86 = Debug|x86
		Release|x64 = Release|x64
		Release|x86 = Release|x86
		test|x64 = test|x64
		test|x86 = test|x86
		test-debug|x64 = test-debug|x64
		test-debug|x86 = test-debug|x86
	EndGlobalSection
	GlobalSection(ProjectConfigurationPlatforms) = postSolution
		{178314A2-6958-41FC-9D5E-AF73C18DCA27}.Debug|x64.ActiveCfg = Debug|x64
		{178314A2-6958-41FC-9D5E-AF73C18DCA27}.Debug|x64.Build.0 = Debug|x64
		{178314A2-6958-41FC-9D5E-AF73C18DCA27}.Debug|x86.ActiveCfg = Debug|Win32
		{178314A2-6958-41FC-9D5E-AF73C18DCA27}.Debug|x86.Build.0 = Debug|Win32
		{178314A2-6958-41FC-9D5E-AF73C18DCA27}.Release|x64.ActiveCfg = Release|x64
		{178314A2-6958-41FC-9D5E-AF73C18DCA27}.Release|x64.Build.0 = Release|x64
		{178314A2-6958-41FC-9D5E-AF73C18DCA27}.Release|x86.ActiveCfg = Release|Win32
		{178314A2-6958-41FC-9D5E-AF73C18DCA27}.Release|x86.Build.0 = Release|Win32
		{178314A2-6958-41FC-9D5E-AF73C18DCA27}.test|x64.ActiveCfg = test|x64
		{178314A2-6958-41FC-9D5E-AF73C18DCA27}.test|x64.Build.0 = test|x64
		{178314A2-6958-41FC-9D5E-AF73C18DCA27}.test|x86.ActiveCfg = test|Win32
		{178314A2-6958-41FC-9D5E-AF73C18DCA27}.test|x86.Build.0 = test|Win32
		{178314A2-6958-41FC-9D5E-AF73C18DCA27}.test-debug|x64.ActiveCfg = test-debug|x64
		{178314A2-6958-41FC-9D5E-AF73C18DCA27}.test-debug|x64.Build.0 = test-debug|x64
		{178314A2-6958-41FC-9D5E-AF73C18DCA27}.test-debug|x86.ActiveCfg = test-debug|Win32
		{178314A2-6958-41FC-9D5E-AF73C18DCA27}.test-debug|x86.Build.0 = test-debug|Win32
		{34681F0D-CE45-415D-B5F2-5C662DFE3BD5}.Debug|x64.ActiveCfg = Debug|x64
		{34681F0D-CE45-415D-B5F2-5C662DFE3BD5}.Debug|x64.Build.0 = Debug|x64
		{34681F0D-CE45-415D-B5F2-5C662DFE3BD5}.Debug|x86.ActiveCfg = Debug|Win32
		{34681F0D-CE45-415D-B5F2-5C662DFE3BD5}.Debug|x86.Build.0 = Debug|Win32
		{34681F0D-CE45-415D-B5F2-5C662DFE3BD5}.Release|x64.ActiveCfg = Release|x64
		{34681F0D-CE45-415D-B5F2-5C662DFE3BD5}.Release|x64.Build.0 = Release|x64
		{34681F0D-CE45-415D-B5F2-5C662DFE3BD5}.Release|x86.ActiveCfg = Release|Win32
		{34681F0D-CE45-415D-B5F2-5C662DFE3BD5}.Release|x86.Build.0 = Release|Win32
		{34681F0D-CE45-415D-B5F2-5C662DFE3BD5}.test|x64.ActiveCfg = Release|x64
		{34681F0D-CE45-415D-B5F2-5C662DFE3BD5}.test|x64.Build.0 = Release|x64
		{34681F0D-CE45-415D-B5F2-5C662DFE3BD5}.test|x86.ActiveCfg = Release|Win32
		{34681F0D-CE45-415D-B5F2-5C662DFE3BD5}.test|x86.Build.0 = Release|Win32
		{34681F0D-CE45-415D-B5F2-5C662DFE3BD5}.test-debug|x64.ActiveCfg = Release|x64
		{34681F0D-CE45-415D-B5F2-5C662DFE3BD5}.test-debug|x64.Build.0 = Release|x64
		{34681F0D-CE45-415D-B5F2-5C662DFE3BD5}.test-debug|x86.ActiveCfg = Debug|Win32
		{34681F0D-CE45-415D-B5F2-5C662DFE3BD5}.test-debug|x86.Build.0 = Debug|Win32
		{E4EF614B-30DF-4954-8C53-580A0BF6B589}.Debug|x64.ActiveCfg = Debug|x64
		{E4EF614B-30DF-4954-8C53-580A0BF6B589}.Debug|x64.Build.0 = Debug|x64
		{E4EF614B-30DF-4954-8C53-580A0BF6B589}.Debug|x86.ActiveCfg = Debug|Win32
		{E4EF614B-30DF-4954-8C53-580A0BF6B589}.Debug|x86.Build.0 = Debug|Win32
		{E4EF614B-30DF-4954-8C53-580A0BF6B589}.Release|x64.ActiveCfg = Release|x64
		{E4EF614B-30DF-4954-8C53-580A0BF6B589}.Release|x64.Build.0 = Release|x64
		{E4EF614B-30DF-4954-8C53-580A0BF6B589}.Release|x86.ActiveCfg = Release|Win32
		{E4EF614B-30DF-4954-8C53-580A0BF6B589}.Release|x86.Build.0 = Release|Win32
		{E4EF614B-30DF-4954-8C53-580A0BF6B589}.test|x64.ActiveCfg = Release|x64
		{E4EF614B-30DF-4954-8C53-580A0BF6B589}.test|x64.Build.0 = Release|x64
		{E4EF614B-30DF-4954-8C53-580A0BF6B589}.test|x86.ActiveCfg = Release|Win32
		{E4EF614B-30DF-4954-8C53-580A0BF6B589}.test|x86.Build.0 = Release|Win32
		{E4EF614B-30DF-4954-8C53-580A0BF6B589}.test-debug|x64.ActiveCfg = Release|x64
		{E4EF614B-30DF-4954-8C53-580A0BF6B589}.test-debug|x64.Build.0 = Release|x64
		{E4EF614B-30DF-4954-8C53-580A0BF6B589}.test-debug|x86.ActiveCfg = Debug|Win32
		{E4EF614B-30DF-4954-8C53-580A0BF6B589}.test-debug|x86.Build.0 = Debug|Win32
	EndGlobalSection
	GlobalSection(SolutionProperties) = preSolution
		HideSolutionNode = FALSE
	EndGlobalSection
	GlobalSection(ExtensibilityGlobals) = postSolution
		SolutionGuid = {453A0035-F891-461B-9D86-D6E510AEBF1A}
	EndGlobalSection
EndGlobal
