// !$*UTF8*$!
{
	archiveVersion = 1;
	classes = {
	};
	objectVersion = 48;
	objects = {

/* Begin PBXBuildFile section */
		ED174A5A2048D9C7008CA7A8 /* UniquePointer.h in Sources */ = {isa = PBXBuildFile; fileRef = ED174A582048D9B2008CA7A8 /* UniquePointer.h */; };
		ED174A5B2048D9C7008CA7A8 /* main.cpp in Sources */ = {isa = PBXBuildFile; fileRef = ED174A592048D9B2008CA7A8 /* main.cpp */; };
		ED54B3AB204E30F500F8C09D /* Singleton-test.h in Sources */ = {isa = PBXBuildFile; fileRef = ED54B3AA204E30F500F8C09D /* Singleton-test.h */; };
		EDFF715A204BAD9A00FACF34 /* UniquePointer.h in Sources */ = {isa = PBXBuildFile; fileRef = ED174A582048D9B2008CA7A8 /* UniquePointer.h */; };
		EDFF715B204BAD9A00FACF34 /* main.cpp in Sources */ = {isa = PBXBuildFile; fileRef = ED174A592048D9B2008CA7A8 /* main.cpp */; };
		EDFF715D204BAD9A00FACF34 /* libgmock_maind.a in Frameworks */ = {isa = PBXBuildFile; fileRef = EDFF714B204BA31100FACF34 /* libgmock_maind.a */; };
		EDFF715E204BAD9A00FACF34 /* libgmockd.a in Frameworks */ = {isa = PBXBuildFile; fileRef = EDFF7149204BA31100FACF34 /* libgmockd.a */; };
		EDFF715F204BAD9A00FACF34 /* libgtest_maind.a in Frameworks */ = {isa = PBXBuildFile; fileRef = EDFF714F204BA31100FACF34 /* libgtest_maind.a */; };
		EDFF7160204BAD9A00FACF34 /* libgtestd.a in Frameworks */ = {isa = PBXBuildFile; fileRef = EDFF714D204BA31100FACF34 /* libgtestd.a */; };
/* End PBXBuildFile section */

/* Begin PBXContainerItemProxy section */
		EDFF7148204BA31100FACF34 /* PBXContainerItemProxy */ = {
			isa = PBXContainerItemProxy;
			containerPortal = EDFF713D204BA31100FACF34 /* googletest-distribution.xcodeproj */;
			proxyType = 2;
			remoteGlobalIDString = 736745EA24694A22A35C3C9C;
			remoteInfo = gmock;
		};
		EDFF714A204BA31100FACF34 /* PBXContainerItemProxy */ = {
			isa = PBXContainerItemProxy;
			containerPortal = EDFF713D204BA31100FACF34 /* googletest-distribution.xcodeproj */;
			proxyType = 2;
			remoteGlobalIDString = 54E82F7739EC4D359B5141E4;
			remoteInfo = gmock_main;
		};
		EDFF714C204BA31100FACF34 /* PBXContainerItemProxy */ = {
			isa = PBXContainerItemProxy;
			containerPortal = EDFF713D204BA31100FACF34 /* googletest-distribution.xcodeproj */;
			proxyType = 2;
			remoteGlobalIDString = BE5D64ADD9D2438B9967F0F6;
			remoteInfo = gtest;
		};
		EDFF714E204BA31100FACF34 /* PBXContainerItemProxy */ = {
			isa = PBXContainerItemProxy;
			containerPortal = EDFF713D204BA31100FACF34 /* googletest-distribution.xcodeproj */;
			proxyType = 2;
			remoteGlobalIDString = 808150F770F843D0BDC149D4;
			remoteInfo = gtest_main;
		};
/* End PBXContainerItemProxy section */

/* Begin PBXCopyFilesBuildPhase section */
		EDA0FDCD2048CEE900243788 /* CopyFiles */ = {
			isa = PBXCopyFilesBuildPhase;
			buildActionMask = 2147483647;
			dstPath = /usr/share/man/man1/;
			dstSubfolderSpec = 0;
			files = (
			);
			runOnlyForDeploymentPostprocessing = 1;
		};
		EDFF7161204BAD9A00FACF34 /* CopyFiles */ = {
			isa = PBXCopyFilesBuildPhase;
			buildActionMask = 2147483647;
			dstPath = /usr/share/man/man1/;
			dstSubfolderSpec = 0;
			files = (
			);
			runOnlyForDeploymentPostprocessing = 1;
		};
/* End PBXCopyFilesBuildPhase section */

/* Begin PBXFileReference section */
		ED174A582048D9B2008CA7A8 /* UniquePointer.h */ = {isa = PBXFileReference; lastKnownFileType = sourcecode.c.h; path = UniquePointer.h; sourceTree = "<group>"; };
		ED174A592048D9B2008CA7A8 /* main.cpp */ = {isa = PBXFileReference; lastKnownFileType = sourcecode.cpp.cpp; path = main.cpp; sourceTree = "<group>"; };
		ED54B39E204E305300F8C09D /* Singleton.h */ = {isa = PBXFileReference; fileEncoding = 4; lastKnownFileType = sourcecode.c.h; path = Singleton.h; sourceTree = "<group>"; };
		ED54B3AA204E30F500F8C09D /* Singleton-test.h */ = {isa = PBXFileReference; lastKnownFileType = sourcecode.c.h; path = "Singleton-test.h"; sourceTree = "<group>"; };
		EDA0FDCF2048CEEA00243788 /* Utilities */ = {isa = PBXFileReference; explicitFileType = "compiled.mach-o.executable"; includeInIndex = 0; path = Utilities; sourceTree = BUILT_PRODUCTS_DIR; };
		EDFF713D204BA31100FACF34 /* googletest-distribution.xcodeproj */ = {isa = PBXFileReference; lastKnownFileType = "wrapper.pb-project"; name = "googletest-distribution.xcodeproj"; path = "../third-party/googletest/xcode/googletest-distribution.xcodeproj"; sourceTree = "<group>"; };
		EDFF7157204BAD7100FACF34 /* main-test.h */ = {isa = PBXFileReference; lastKnownFileType = sourcecode.c.h; path = "main-test.h"; sourceTree = "<group>"; };
		EDFF7165204BAD9A00FACF34 /* Utilities-Test */ = {isa = PBXFileReference; explicitFileType = "compiled.mach-o.executable"; includeInIndex = 0; path = "Utilities-Test"; sourceTree = BUILT_PRODUCTS_DIR; };
		EDFF7167204BAFB300FACF34 /* UniquePointer-test.h */ = {isa = PBXFileReference; lastKnownFileType = sourcecode.c.h; path = "UniquePointer-test.h"; sourceTree = "<group>"; };
/* End PBXFileReference section */

/* Begin PBXFrameworksBuildPhase section */
		EDA0FDCC2048CEE900243788 /* Frameworks */ = {
			isa = PBXFrameworksBuildPhase;
			buildActionMask = 2147483647;
			files = (
			);
			runOnlyForDeploymentPostprocessing = 0;
		};
		EDFF715C204BAD9A00FACF34 /* Frameworks */ = {
			isa = PBXFrameworksBuildPhase;
			buildActionMask = 2147483647;
			files = (
				EDFF715D204BAD9A00FACF34 /* libgmock_maind.a in Frameworks */,
				EDFF715E204BAD9A00FACF34 /* libgmockd.a in Frameworks */,
				EDFF715F204BAD9A00FACF34 /* libgtest_maind.a in Frameworks */,
				EDFF7160204BAD9A00FACF34 /* libgtestd.a in Frameworks */,
			);
			runOnlyForDeploymentPostprocessing = 0;
		};
/* End PBXFrameworksBuildPhase section */

/* Begin PBXGroup section */
		ED174A572048D9B2008CA7A8 /* src */ = {
			isa = PBXGroup;
			children = (
				ED54B39E204E305300F8C09D /* Singleton.h */,
				ED174A582048D9B2008CA7A8 /* UniquePointer.h */,
				ED174A592048D9B2008CA7A8 /* main.cpp */,
			);
			name = src;
			path = ../src;
			sourceTree = "<group>";
		};
		ED174A5E2048DAC0008CA7A8 /* tests */ = {
			isa = PBXGroup;
			children = (
				EDFF7157204BAD7100FACF34 /* main-test.h */,
				EDFF7167204BAFB300FACF34 /* UniquePointer-test.h */,
				ED54B3AA204E30F500F8C09D /* Singleton-test.h */,
			);
			name = tests;
			path = ../tests;
			sourceTree = "<group>";
		};
		EDA0FDC62048CEE900243788 = {
			isa = PBXGroup;
			children = (
				EDFF713D204BA31100FACF34 /* googletest-distribution.xcodeproj */,
				ED174A5E2048DAC0008CA7A8 /* tests */,
				ED174A572048D9B2008CA7A8 /* src */,
				EDA0FDD02048CEEA00243788 /* Products */,
				EDFF7150204BA32100FACF34 /* Frameworks */,
			);
			sourceTree = "<group>";
		};
		EDA0FDD02048CEEA00243788 /* Products */ = {
			isa = PBXGroup;
			children = (
				EDA0FDCF2048CEEA00243788 /* Utilities */,
				EDFF7165204BAD9A00FACF34 /* Utilities-Test */,
			);
			name = Products;
			sourceTree = "<group>";
		};
		EDFF713E204BA31100FACF34 /* Products */ = {
			isa = PBXGroup;
			children = (
				EDFF7149204BA31100FACF34 /* libgmockd.a */,
				EDFF714B204BA31100FACF34 /* libgmock_maind.a */,
				EDFF714D204BA31100FACF34 /* libgtestd.a */,
				EDFF714F204BA31100FACF34 /* libgtest_maind.a */,
			);
			name = Products;
			sourceTree = "<group>";
		};
		EDFF7150204BA32100FACF34 /* Frameworks */ = {
			isa = PBXGroup;
			children = (
			);
			name = Frameworks;
			sourceTree = "<group>";
		};
/* End PBXGroup section */

/* Begin PBXNativeTarget section */
		EDA0FDCE2048CEE900243788 /* Utilities */ = {
			isa = PBXNativeTarget;
			buildConfigurationList = EDA0FDD62048CEEA00243788 /* Build configuration list for PBXNativeTarget "Utilities" */;
			buildPhases = (
				EDA0FDCB2048CEE900243788 /* Sources */,
				EDA0FDCC2048CEE900243788 /* Frameworks */,
				EDA0FDCD2048CEE900243788 /* CopyFiles */,
			);
			buildRules = (
			);
			dependencies = (
			);
			name = Utilities;
			productName = Utilities;
			productReference = EDA0FDCF2048CEEA00243788 /* Utilities */;
			productType = "com.apple.product-type.tool";
		};
		EDFF7158204BAD9A00FACF34 /* Utilities-Test */ = {
			isa = PBXNativeTarget;
			buildConfigurationList = EDFF7162204BAD9A00FACF34 /* Build configuration list for PBXNativeTarget "Utilities-Test" */;
			buildPhases = (
				EDFF7159204BAD9A00FACF34 /* Sources */,
				EDFF715C204BAD9A00FACF34 /* Frameworks */,
				EDFF7161204BAD9A00FACF34 /* CopyFiles */,
			);
			buildRules = (
			);
			dependencies = (
			);
			name = "Utilities-Test";
			productName = Utilities;
			productReference = EDFF7165204BAD9A00FACF34 /* Utilities-Test */;
			productType = "com.apple.product-type.tool";
		};
/* End PBXNativeTarget section */

/* Begin PBXProject section */
		EDA0FDC72048CEE900243788 /* Project object */ = {
			isa = PBXProject;
			attributes = {
				LastUpgradeCheck = 0910;
				TargetAttributes = {
					EDA0FDCE2048CEE900243788 = {
						CreatedOnToolsVersion = 9.1;
						ProvisioningStyle = Automatic;
					};
					EDFF7158204BAD9A00FACF34 = {
						ProvisioningStyle = Automatic;
					};
				};
			};
			buildConfigurationList = EDA0FDCA2048CEE900243788 /* Build configuration list for PBXProject "Utilities" */;
			compatibilityVersion = "Xcode 8.0";
			developmentRegion = en;
			hasScannedForEncodings = 0;
			knownRegions = (
				en,
			);
			mainGroup = EDA0FDC62048CEE900243788;
			productRefGroup = EDA0FDD02048CEEA00243788 /* Products */;
			projectDirPath = "";
			projectReferences = (
				{
					ProductGroup = EDFF713E204BA31100FACF34 /* Products */;
					ProjectRef = EDFF713D204BA31100FACF34 /* googletest-distribution.xcodeproj */;
				},
			);
			projectRoot = "";
			targets = (
				EDA0FDCE2048CEE900243788 /* Utilities */,
				EDFF7158204BAD9A00FACF34 /* Utilities-Test */,
			);
		};
/* End PBXProject section */

/* Begin PBXReferenceProxy section */
		EDFF7149204BA31100FACF34 /* libgmockd.a */ = {
			isa = PBXReferenceProxy;
			fileType = archive.ar;
			path = libgmockd.a;
			remoteRef = EDFF7148204BA31100FACF34 /* PBXContainerItemProxy */;
			sourceTree = BUILT_PRODUCTS_DIR;
		};
		EDFF714B204BA31100FACF34 /* libgmock_maind.a */ = {
			isa = PBXReferenceProxy;
			fileType = archive.ar;
			path = libgmock_maind.a;
			remoteRef = EDFF714A204BA31100FACF34 /* PBXContainerItemProxy */;
			sourceTree = BUILT_PRODUCTS_DIR;
		};
		EDFF714D204BA31100FACF34 /* libgtestd.a */ = {
			isa = PBXReferenceProxy;
			fileType = archive.ar;
			path = libgtestd.a;
			remoteRef = EDFF714C204BA31100FACF34 /* PBXContainerItemProxy */;
			sourceTree = BUILT_PRODUCTS_DIR;
		};
		EDFF714F204BA31100FACF34 /* libgtest_maind.a */ = {
			isa = PBXReferenceProxy;
			fileType = archive.ar;
			path = libgtest_maind.a;
			remoteRef = EDFF714E204BA31100FACF34 /* PBXContainerItemProxy */;
			sourceTree = BUILT_PRODUCTS_DIR;
		};
/* End PBXReferenceProxy section */

/* Begin PBXSourcesBuildPhase section */
		EDA0FDCB2048CEE900243788 /* Sources */ = {
			isa = PBXSourcesBuildPhase;
			buildActionMask = 2147483647;
			files = (
				ED174A5A2048D9C7008CA7A8 /* UniquePointer.h in Sources */,
				ED174A5B2048D9C7008CA7A8 /* main.cpp in Sources */,
			);
			runOnlyForDeploymentPostprocessing = 0;
		};
		EDFF7159204BAD9A00FACF34 /* Sources */ = {
			isa = PBXSourcesBuildPhase;
			buildActionMask = 2147483647;
			files = (
				EDFF715A204BAD9A00FACF34 /* UniquePointer.h in Sources */,
				EDFF715B204BAD9A00FACF34 /* main.cpp in Sources */,
				ED54B3AB204E30F500F8C09D /* Singleton-test.h in Sources */,
			);
			runOnlyForDeploymentPostprocessing = 0;
		};
/* End PBXSourcesBuildPhase section */

/* Begin XCBuildConfiguration section */
		EDA0FDD42048CEEA00243788 /* Debug */ = {
			isa = XCBuildConfiguration;
			buildSettings = {
				ALWAYS_SEARCH_USER_PATHS = NO;
				CLANG_ANALYZER_NONNULL = YES;
				CLANG_ANALYZER_NUMBER_OBJECT_CONVERSION = YES_AGGRESSIVE;
				CLANG_CXX_LANGUAGE_STANDARD = "gnu++14";
				CLANG_CXX_LIBRARY = "libc++";
				CLANG_ENABLE_MODULES = YES;
				CLANG_ENABLE_OBJC_ARC = YES;
				CLANG_WARN_BLOCK_CAPTURE_AUTORELEASING = YES;
				CLANG_WARN_BOOL_CONVERSION = YES;
				CLANG_WARN_COMMA = YES;
				CLANG_WARN_CONSTANT_CONVERSION = YES;
				CLANG_WARN_DIRECT_OBJC_ISA_USAGE = YES_ERROR;
				CLANG_WARN_DOCUMENTATION_COMMENTS = YES;
				CLANG_WARN_EMPTY_BODY = YES;
				CLANG_WARN_ENUM_CONVERSION = YES;
				CLANG_WARN_INFINITE_RECURSION = YES;
				CLANG_WARN_INT_CONVERSION = YES;
				CLANG_WARN_NON_LITERAL_NULL_CONVERSION = YES;
				CLANG_WARN_OBJC_LITERAL_CONVERSION = YES;
				CLANG_WARN_OBJC_ROOT_CLASS = YES_ERROR;
				CLANG_WARN_RANGE_LOOP_ANALYSIS = YES;
				CLANG_WARN_STRICT_PROTOTYPES = YES;
				CLANG_WARN_SUSPICIOUS_MOVE = YES;
				CLANG_WARN_UNGUARDED_AVAILABILITY = YES_AGGRESSIVE;
				CLANG_WARN_UNREACHABLE_CODE = YES;
				CLANG_WARN__DUPLICATE_METHOD_MATCH = YES;
				CODE_SIGN_IDENTITY = "Mac Developer";
				COPY_PHASE_STRIP = NO;
				DEBUG_INFORMATION_FORMAT = dwarf;
				ENABLE_STRICT_OBJC_MSGSEND = YES;
				ENABLE_TESTABILITY = YES;
				GCC_C_LANGUAGE_STANDARD = gnu11;
				GCC_DYNAMIC_NO_PIC = NO;
				GCC_NO_COMMON_BLOCKS = YES;
				GCC_OPTIMIZATION_LEVEL = 0;
				GCC_PREPROCESSOR_DEFINITIONS = "DEBUG=1";
				GCC_WARN_64_TO_32_BIT_CONVERSION = YES;
				GCC_WARN_ABOUT_RETURN_TYPE = YES_ERROR;
				GCC_WARN_UNDECLARED_SELECTOR = YES;
				GCC_WARN_UNINITIALIZED_AUTOS = YES_AGGRESSIVE;
				GCC_WARN_UNUSED_FUNCTION = YES;
				GCC_WARN_UNUSED_VARIABLE = YES;
				HEADER_SEARCH_PATHS = "$(PROJECT_DIR)/../third-party/googletest/googletest/include";
				MACOSX_DEPLOYMENT_TARGET = 10.13;
				MTL_ENABLE_DEBUG_INFO = YES;
				ONLY_ACTIVE_ARCH = YES;
				SDKROOT = macosx;
				USER_HEADER_SEARCH_PATHS = "$(PROJECT_DIR)/../src $(PROJECT_DIR)/../tests";
			};
			name = Debug;
		};
		EDA0FDD52048CEEA00243788 /* Release */ = {
			isa = XCBuildConfiguration;
			buildSettings = {
				ALWAYS_SEARCH_USER_PATHS = NO;
				CLANG_ANALYZER_NONNULL = YES;
				CLANG_ANALYZER_NUMBER_OBJECT_CONVERSION = YES_AGGRESSIVE;
				CLANG_CXX_LANGUAGE_STANDARD = "gnu++14";
				CLANG_CXX_LIBRARY = "libc++";
				CLANG_ENABLE_MODULES = YES;
				CLANG_ENABLE_OBJC_ARC = YES;
				CLANG_WARN_BLOCK_CAPTURE_AUTORELEASING = YES;
				CLANG_WARN_BOOL_CONVERSION = YES;
				CLANG_WARN_COMMA = YES;
				CLANG_WARN_CONSTANT_CONVERSION = YES;
				CLANG_WARN_DIRECT_OBJC_ISA_USAGE = YES_ERROR;
				CLANG_WARN_DOCUMENTATION_COMMENTS = YES;
				CLANG_WARN_EMPTY_BODY = YES;
				CLANG_WARN_ENUM_CONVERSION = YES;
				CLANG_WARN_INFINITE_RECURSION = YES;
				CLANG_WARN_INT_CONVERSION = YES;
				CLANG_WARN_NON_LITERAL_NULL_CONVERSION = YES;
				CLANG_WARN_OBJC_LITERAL_CONVERSION = YES;
				CLANG_WARN_OBJC_ROOT_CLASS = YES_ERROR;
				CLANG_WARN_RANGE_LOOP_ANALYSIS = YES;
				CLANG_WARN_STRICT_PROTOTYPES = YES;
				CLANG_WARN_SUSPICIOUS_MOVE = YES;
				CLANG_WARN_UNGUARDED_AVAILABILITY = YES_AGGRESSIVE;
				CLANG_WARN_UNREACHABLE_CODE = YES;
				CLANG_WARN__DUPLICATE_METHOD_MATCH = YES;
				CODE_SIGN_IDENTITY = "Mac Developer";
				COPY_PHASE_STRIP = NO;
				DEBUG_INFORMATION_FORMAT = "dwarf-with-dsym";
				ENABLE_NS_ASSERTIONS = NO;
				ENABLE_STRICT_OBJC_MSGSEND = YES;
				GCC_C_LANGUAGE_STANDARD = gnu11;
				GCC_NO_COMMON_BLOCKS = YES;
				GCC_PREPROCESSOR_DEFINITIONS = "";
				GCC_WARN_64_TO_32_BIT_CONVERSION = YES;
				GCC_WARN_ABOUT_RETURN_TYPE = YES_ERROR;
				GCC_WARN_UNDECLARED_SELECTOR = YES;
				GCC_WARN_UNINITIALIZED_AUTOS = YES_AGGRESSIVE;
				GCC_WARN_UNUSED_FUNCTION = YES;
				GCC_WARN_UNUSED_VARIABLE = YES;
				HEADER_SEARCH_PATHS = "$(PROJECT_DIR)/../third-party/googletest/googletest/include";
				MACOSX_DEPLOYMENT_TARGET = 10.13;
				MTL_ENABLE_DEBUG_INFO = NO;
				SDKROOT = macosx;
				USER_HEADER_SEARCH_PATHS = "$(PROJECT_DIR)/../src $(PROJECT_DIR)/../tests";
			};
			name = Release;
		};
		EDA0FDD72048CEEA00243788 /* Debug */ = {
			isa = XCBuildConfiguration;
			buildSettings = {
				CODE_SIGN_STYLE = Automatic;
				DEVELOPMENT_TEAM = QY3GTZ5J5F;
				GCC_PREPROCESSOR_DEFINITIONS = "$(inherited)";
				PRODUCT_NAME = "$(TARGET_NAME)";
			};
			name = Debug;
		};
		EDA0FDD82048CEEA00243788 /* Release */ = {
			isa = XCBuildConfiguration;
			buildSettings = {
				CODE_SIGN_STYLE = Automatic;
				DEVELOPMENT_TEAM = QY3GTZ5J5F;
				GCC_PREPROCESSOR_DEFINITIONS = "$(inherited)";
				PRODUCT_NAME = "$(TARGET_NAME)";
			};
			name = Release;
		};
		EDFF7163204BAD9A00FACF34 /* Debug */ = {
			isa = XCBuildConfiguration;
			buildSettings = {
				CODE_SIGN_STYLE = Automatic;
				DEVELOPMENT_TEAM = QY3GTZ5J5F;
				GCC_PREPROCESSOR_DEFINITIONS = (
					"$(inherited)",
					"GTEST_ROOT=$(PROJECT_DIR)/../third-party/googletest/googletest/",
					"UNIT_TESTS=1",
				);
				PRODUCT_NAME = "$(TARGET_NAME)";
			};
			name = Debug;
		};
		EDFF7164204BAD9A00FACF34 /* Release */ = {
			isa = XCBuildConfiguration;
			buildSettings = {
				CODE_SIGN_STYLE = Automatic;
				DEVELOPMENT_TEAM = QY3GTZ5J5F;
				GCC_PREPROCESSOR_DEFINITIONS = (
					"$(inherited)",
					"GTEST_ROOT=$(PROJECT_DIR)/../third-party/googletest/googletest/",
					"UNIT_TESTS=1",
				);
				PRODUCT_NAME = "$(TARGET_NAME)";
			};
			name = Release;
		};
/* End XCBuildConfiguration section */

/* Begin XCConfigurationList section */
		EDA0FDCA2048CEE900243788 /* Build configuration list for PBXProject "Utilities" */ = {
			isa = XCConfigurationList;
			buildConfigurations = (
				EDA0FDD42048CEEA00243788 /* Debug */,
				EDA0FDD52048CEEA00243788 /* Release */,
			);
			defaultConfigurationIsVisible = 0;
			defaultConfigurationName = Release;
		};
		EDA0FDD62048CEEA00243788 /* Build configuration list for PBXNativeTarget "Utilities" */ = {
			isa = XCConfigurationList;
			buildConfigurations = (
				EDA0FDD72048CEEA00243788 /* Debug */,
				EDA0FDD82048CEEA00243788 /* Release */,
			);
			defaultConfigurationIsVisible = 0;
			defaultConfigurationName = Release;
		};
		EDFF7162204BAD9A00FACF34 /* Build configuration list for PBXNativeTarget "Utilities-Test" */ = {
			isa = XCConfigurationList;
			buildConfigurations = (
				EDFF7163204BAD9A00FACF34 /* Debug */,
				EDFF7164204BAD9A00FACF34 /* Release */,
			);
			defaultConfigurationIsVisible = 0;
			defaultConfigurationName = Release;
		};
/* End XCConfigurationList section */
	};
	rootObject = EDA0FDC72048CEE900243788 /* Project object */;
}
